// !$*UTF8*$!
{
	archiveVersion = 1;
	classes = {
	};
	objectVersion = 46;
	objects = {

/* Begin PBXBuildFile section */
		7A06E1CA151330C200C48B24 /* main.c in Sources */ = {isa = PBXBuildFile; fileRef = 7A06E1C9151330C200C48B24 /* main.c */; };
		7A06E1CC151330C200C48B24 /* Algorithms.1 in CopyFiles */ = {isa = PBXBuildFile; fileRef = 7A06E1CB151330C200C48B24 /* Algorithms.1 */; };
		7A60120015249C3800F6FD1B /* Queue.c in Sources */ = {isa = PBXBuildFile; fileRef = 7A6011FE15249C3800F6FD1B /* Queue.c */; };
		7A6012061524A12200F6FD1B /* Stack.c in Sources */ = {isa = PBXBuildFile; fileRef = 7A6012041524A12200F6FD1B /* Stack.c */; };
		7A657B9D152C450600B87E3C /* Set.c in Sources */ = {isa = PBXBuildFile; fileRef = 7A657B9B152C450600B87E3C /* Set.c */; };
		7A81832D16E1DE2200590FDD /* CircularLinkedList.c in Sources */ = {isa = PBXBuildFile; fileRef = 7A81832716E1DE2200590FDD /* CircularLinkedList.c */; };
		7A81832E16E1DE2200590FDD /* DoublyLinkedList.c in Sources */ = {isa = PBXBuildFile; fileRef = 7A81832916E1DE2200590FDD /* DoublyLinkedList.c */; };
		7A81832F16E1DE2200590FDD /* SingleLinkedList.c in Sources */ = {isa = PBXBuildFile; fileRef = 7A81832B16E1DE2200590FDD /* SingleLinkedList.c */; };
		7A81833816E1E12700590FDD /* UnitTest.c in Sources */ = {isa = PBXBuildFile; fileRef = 7A81833616E1E12700590FDD /* UnitTest.c */; };
		7A81833D16E1E51F00590FDD /* StackTest.c in Sources */ = {isa = PBXBuildFile; fileRef = 7A81833C16E1E51F00590FDD /* StackTest.c */; };
		7A81833F16E1E52800590FDD /* QueueTest.c in Sources */ = {isa = PBXBuildFile; fileRef = 7A81833E16E1E52800590FDD /* QueueTest.c */; };
		7AB971FA152DE8D50059C268 /* HashTable.c in Sources */ = {isa = PBXBuildFile; fileRef = 7AB971F8152DE8D50059C268 /* HashTable.c */; };
/* End PBXBuildFile section */

/* Begin PBXCopyFilesBuildPhase section */
		7A06E1C3151330C100C48B24 /* CopyFiles */ = {
			isa = PBXCopyFilesBuildPhase;
			buildActionMask = 2147483647;
			dstPath = /usr/share/man/man1/;
			dstSubfolderSpec = 0;
			files = (
				7A06E1CC151330C200C48B24 /* Algorithms.1 in CopyFiles */,
			);
			runOnlyForDeploymentPostprocessing = 1;
		};
/* End PBXCopyFilesBuildPhase section */

/* Begin PBXFileReference section */
		7A06E1C5151330C100C48B24 /* Algorithms */ = {isa = PBXFileReference; explicitFileType = "compiled.mach-o.executable"; includeInIndex = 0; path = Algorithms; sourceTree = BUILT_PRODUCTS_DIR; };
		7A06E1C9151330C200C48B24 /* main.c */ = {isa = PBXFileReference; lastKnownFileType = sourcecode.c.c; path = main.c; sourceTree = "<group>"; };
		7A06E1CB151330C200C48B24 /* Algorithms.1 */ = {isa = PBXFileReference; lastKnownFileType = text.man; path = Algorithms.1; sourceTree = "<group>"; };
		7A6011FE15249C3800F6FD1B /* Queue.c */ = {isa = PBXFileReference; fileEncoding = 4; lastKnownFileType = sourcecode.c.c; name = Queue.c; path = Linear/Queue.c; sourceTree = "<group>"; };
		7A6011FF15249C3800F6FD1B /* Queue.h */ = {isa = PBXFileReference; fileEncoding = 4; lastKnownFileType = sourcecode.c.h; name = Queue.h; path = Linear/Queue.h; sourceTree = "<group>"; };
		7A6012041524A12200F6FD1B /* Stack.c */ = {isa = PBXFileReference; fileEncoding = 4; lastKnownFileType = sourcecode.c.c; name = Stack.c; path = Linear/Stack.c; sourceTree = "<group>"; };
		7A6012051524A12200F6FD1B /* Stack.h */ = {isa = PBXFileReference; fileEncoding = 4; lastKnownFileType = sourcecode.c.h; name = Stack.h; path = Linear/Stack.h; sourceTree = "<group>"; };
		7A657B9B152C450600B87E3C /* Set.c */ = {isa = PBXFileReference; fileEncoding = 4; lastKnownFileType = sourcecode.c.c; name = Set.c; path = Collection/Set.c; sourceTree = "<group>"; };
		7A657B9C152C450600B87E3C /* Set.h */ = {isa = PBXFileReference; fileEncoding = 4; lastKnownFileType = sourcecode.c.h; name = Set.h; path = Collection/Set.h; sourceTree = "<group>"; };
		7A81832716E1DE2200590FDD /* CircularLinkedList.c */ = {isa = PBXFileReference; fileEncoding = 4; lastKnownFileType = sourcecode.c.c; name = CircularLinkedList.c; path = LinkedList/CircularLinkedList.c; sourceTree = "<group>"; };
		7A81832816E1DE2200590FDD /* CircularLinkedList.h */ = {isa = PBXFileReference; fileEncoding = 4; lastKnownFileType = sourcecode.c.h; name = CircularLinkedList.h; path = LinkedList/CircularLinkedList.h; sourceTree = "<group>"; };
		7A81832916E1DE2200590FDD /* DoublyLinkedList.c */ = {isa = PBXFileReference; fileEncoding = 4; lastKnownFileType = sourcecode.c.c; name = DoublyLinkedList.c; path = LinkedList/DoublyLinkedList.c; sourceTree = "<group>"; };
		7A81832A16E1DE2200590FDD /* DoublyLinkedList.h */ = {isa = PBXFileReference; fileEncoding = 4; lastKnownFileType = sourcecode.c.h; name = DoublyLinkedList.h; path = LinkedList/DoublyLinkedList.h; sourceTree = "<group>"; };
		7A81832B16E1DE2200590FDD /* SingleLinkedList.c */ = {isa = PBXFileReference; fileEncoding = 4; lastKnownFileType = sourcecode.c.c; name = SingleLinkedList.c; path = LinkedList/SingleLinkedList.c; sourceTree = "<group>"; };
		7A81832C16E1DE2200590FDD /* SingleLinkedList.h */ = {isa = PBXFileReference; fileEncoding = 4; lastKnownFileType = sourcecode.c.h; name = SingleLinkedList.h; path = LinkedList/SingleLinkedList.h; sourceTree = "<group>"; };
		7A81833616E1E12700590FDD /* UnitTest.c */ = {isa = PBXFileReference; fileEncoding = 4; lastKnownFileType = sourcecode.c.c; name = UnitTest.c; path = Test/UnitTest.c; sourceTree = "<group>"; };
		7A81833716E1E12700590FDD /* UnitTest.h */ = {isa = PBXFileReference; fileEncoding = 4; lastKnownFileType = sourcecode.c.h; name = UnitTest.h; path = Test/UnitTest.h; sourceTree = "<group>"; };
		7A81833916E1E2C100590FDD /* SingleLinkedListTest.h */ = {isa = PBXFileReference; lastKnownFileType = sourcecode.c.h; path = SingleLinkedListTest.h; sourceTree = "<group>"; };
		7A81833A16E1E50200590FDD /* StackTest.h */ = {isa = PBXFileReference; lastKnownFileType = sourcecode.c.h; path = StackTest.h; sourceTree = "<group>"; };
		7A81833B16E1E51000590FDD /* QueueTest.h */ = {isa = PBXFileReference; lastKnownFileType = sourcecode.c.h; path = QueueTest.h; sourceTree = "<group>"; };
		7A81833C16E1E51F00590FDD /* StackTest.c */ = {isa = PBXFileReference; fileEncoding = 4; lastKnownFileType = sourcecode.c.c; path = StackTest.c; sourceTree = "<group>"; };
		7A81833E16E1E52800590FDD /* QueueTest.c */ = {isa = PBXFileReference; fileEncoding = 4; lastKnownFileType = sourcecode.c.c; path = QueueTest.c; sourceTree = "<group>"; };
		7AB971F8152DE8D50059C268 /* HashTable.c */ = {isa = PBXFileReference; fileEncoding = 4; lastKnownFileType = sourcecode.c.c; name = HashTable.c; path = Collection/HashTable.c; sourceTree = "<group>"; };
		7AB971F9152DE8D50059C268 /* HashTable.h */ = {isa = PBXFileReference; fileEncoding = 4; lastKnownFileType = sourcecode.c.h; name = HashTable.h; path = Collection/HashTable.h; sourceTree = "<group>"; };
/* End PBXFileReference section */

/* Begin PBXFrameworksBuildPhase section */
		7A06E1C2151330C100C48B24 /* Frameworks */ = {
			isa = PBXFrameworksBuildPhase;
			buildActionMask = 2147483647;
			files = (
			);
			runOnlyForDeploymentPostprocessing = 0;
		};
/* End PBXFrameworksBuildPhase section */

/* Begin PBXGroup section */
		7A06E1BA151330C100C48B24 = {
			isa = PBXGroup;
			children = (
				7A06E1C8151330C100C48B24 /* Algorithms */,
				7A06E1C6151330C100C48B24 /* Products */,
			);
			sourceTree = "<group>";
		};
		7A06E1C6151330C100C48B24 /* Products */ = {
			isa = PBXGroup;
			children = (
				7A06E1C5151330C100C48B24 /* Algorithms */,
			);
			name = Products;
			sourceTree = "<group>";
		};
		7A06E1C8151330C100C48B24 /* Algorithms */ = {
			isa = PBXGroup;
			children = (
				7A81832616E1DDF200590FDD /* Test */,
				7A657B99152C44EE00B87E3C /* Collection */,
				7A121EAC1521F68D00683654 /* Linear */,
				7A06E1D2151330DA00C48B24 /* LinkedList */,
				7A06E1C9151330C200C48B24 /* main.c */,
				7A06E1CB151330C200C48B24 /* Algorithms.1 */,
			);
			path = Algorithms;
			sourceTree = "<group>";
		};
		7A06E1D2151330DA00C48B24 /* LinkedList */ = {
			isa = PBXGroup;
			children = (
				7A81832816E1DE2200590FDD /* CircularLinkedList.h */,
				7A81832716E1DE2200590FDD /* CircularLinkedList.c */,
				7A81832A16E1DE2200590FDD /* DoublyLinkedList.h */,
				7A81832916E1DE2200590FDD /* DoublyLinkedList.c */,
				7A81832C16E1DE2200590FDD /* SingleLinkedList.h */,
				7A81832B16E1DE2200590FDD /* SingleLinkedList.c */,
			);
			name = LinkedList;
			sourceTree = "<group>";
		};
		7A121EAC1521F68D00683654 /* Linear */ = {
			isa = PBXGroup;
			children = (
				7A6012051524A12200F6FD1B /* Stack.h */,
				7A6012041524A12200F6FD1B /* Stack.c */,
				7A6011FF15249C3800F6FD1B /* Queue.h */,
				7A6011FE15249C3800F6FD1B /* Queue.c */,
			);
			name = Linear;
			sourceTree = "<group>";
		};
		7A657B99152C44EE00B87E3C /* Collection */ = {
			isa = PBXGroup;
			children = (
				7A657B9C152C450600B87E3C /* Set.h */,
				7A657B9B152C450600B87E3C /* Set.c */,
				7AB971F9152DE8D50059C268 /* HashTable.h */,
				7AB971F8152DE8D50059C268 /* HashTable.c */,
			);
			name = Collection;
			sourceTree = "<group>";
		};
		7A81832616E1DDF200590FDD /* Test */ = {
			isa = PBXGroup;
			children = (
				7A81833316E1E12700590FDD /* Collection */,
				7A81833416E1E12700590FDD /* Linear */,
				7A81833516E1E12700590FDD /* LinkedList */,
				7A81833716E1E12700590FDD /* UnitTest.h */,
				7A81833616E1E12700590FDD /* UnitTest.c */,
			);
			name = Test;
			sourceTree = "<group>";
		};
		7A81833316E1E12700590FDD /* Collection */ = {
			isa = PBXGroup;
			children = (
			);
			name = Collection;
			path = Test/Collection;
			sourceTree = "<group>";
		};
		7A81833416E1E12700590FDD /* Linear */ = {
			isa = PBXGroup;
			children = (
				7A81833A16E1E50200590FDD /* StackTest.h */,
				7A81833C16E1E51F00590FDD /* StackTest.c */,
				7A81833B16E1E51000590FDD /* QueueTest.h */,
				7A81833E16E1E52800590FDD /* QueueTest.c */,
			);
			name = Linear;
			path = Test/Linear;
			sourceTree = "<group>";
		};
		7A81833516E1E12700590FDD /* LinkedList */ = {
			isa = PBXGroup;
			children = (
				7A81833916E1E2C100590FDD /* SingleLinkedListTest.h */,
			);
			name = LinkedList;
			path = Test/LinkedList;
			sourceTree = "<group>";
		};
/* End PBXGroup section */

/* Begin PBXNativeTarget section */
		7A06E1C4151330C100C48B24 /* Algorithms */ = {
			isa = PBXNativeTarget;
			buildConfigurationList = 7A06E1CF151330C200C48B24 /* Build configuration list for PBXNativeTarget "Algorithms" */;
			buildPhases = (
				7A06E1C1151330C100C48B24 /* Sources */,
				7A06E1C2151330C100C48B24 /* Frameworks */,
				7A06E1C3151330C100C48B24 /* CopyFiles */,
			);
			buildRules = (
			);
			dependencies = (
			);
			name = Algorithms;
			productName = Algorithms;
			productReference = 7A06E1C5151330C100C48B24 /* Algorithms */;
			productType = "com.apple.product-type.tool";
		};
/* End PBXNativeTarget section */

/* Begin PBXProject section */
		7A06E1BC151330C100C48B24 /* Project object */ = {
			isa = PBXProject;
			buildConfigurationList = 7A06E1BF151330C100C48B24 /* Build configuration list for PBXProject "Algorithms" */;
			compatibilityVersion = "Xcode 3.2";
			developmentRegion = English;
			hasScannedForEncodings = 0;
			knownRegions = (
				en,
			);
			mainGroup = 7A06E1BA151330C100C48B24;
			productRefGroup = 7A06E1C6151330C100C48B24 /* Products */;
			projectDirPath = "";
			projectRoot = "";
			targets = (
				7A06E1C4151330C100C48B24 /* Algorithms */,
			);
		};
/* End PBXProject section */

/* Begin PBXSourcesBuildPhase section */
		7A06E1C1151330C100C48B24 /* Sources */ = {
			isa = PBXSourcesBuildPhase;
			buildActionMask = 2147483647;
			files = (
				7A06E1CA151330C200C48B24 /* main.c in Sources */,
				7A60120015249C3800F6FD1B /* Queue.c in Sources */,
				7A6012061524A12200F6FD1B /* Stack.c in Sources */,
				7A657B9D152C450600B87E3C /* Set.c in Sources */,
				7AB971FA152DE8D50059C268 /* HashTable.c in Sources */,
				7A81832D16E1DE2200590FDD /* CircularLinkedList.c in Sources */,
				7A81832E16E1DE2200590FDD /* DoublyLinkedList.c in Sources */,
				7A81832F16E1DE2200590FDD /* SingleLinkedList.c in Sources */,
				7A81833816E1E12700590FDD /* UnitTest.c in Sources */,
				7A81833D16E1E51F00590FDD /* StackTest.c in Sources */,
				7A81833F16E1E52800590FDD /* QueueTest.c in Sources */,
			);
			runOnlyForDeploymentPostprocessing = 0;
		};
/* End PBXSourcesBuildPhase section */

/* Begin XCBuildConfiguration section */
		7A06E1CD151330C200C48B24 /* Debug */ = {
			isa = XCBuildConfiguration;
			buildSettings = {
				ARCHS = "$(ARCHS_STANDARD_32_64_BIT)";
				GCC_C_LANGUAGE_STANDARD = gnu99;
				GCC_OPTIMIZATION_LEVEL = 0;
				GCC_PREPROCESSOR_DEFINITIONS = "DEBUG=1";
				GCC_SYMBOLS_PRIVATE_EXTERN = NO;
				GCC_VERSION = com.apple.compilers.llvm.clang.1_0;
				GCC_WARN_64_TO_32_BIT_CONVERSION = YES;
				GCC_WARN_ABOUT_RETURN_TYPE = YES;
				GCC_WARN_UNUSED_VARIABLE = YES;
				MACOSX_DEPLOYMENT_TARGET = 10.7;
				ONLY_ACTIVE_ARCH = YES;
				SDKROOT = macosx;
			};
			name = Debug;
		};
		7A06E1CE151330C200C48B24 /* Release */ = {
			isa = XCBuildConfiguration;
			buildSettings = {
				ARCHS = "$(ARCHS_STANDARD_32_64_BIT)";
				GCC_C_LANGUAGE_STANDARD = gnu99;
				GCC_VERSION = com.apple.compilers.llvm.clang.1_0;
				GCC_WARN_64_TO_32_BIT_CONVERSION = YES;
				GCC_WARN_ABOUT_RETURN_TYPE = YES;
				GCC_WARN_UNUSED_VARIABLE = YES;
				MACOSX_DEPLOYMENT_TARGET = 10.7;
				SDKROOT = macosx;
			};
			name = Release;
		};
		7A06E1D0151330C200C48B24 /* Debug */ = {
			isa = XCBuildConfiguration;
			buildSettings = {
				ALWAYS_SEARCH_USER_PATHS = NO;
				COPY_PHASE_STRIP = NO;
				GCC_DYNAMIC_NO_PIC = NO;
				GCC_ENABLE_OBJC_EXCEPTIONS = YES;
				PRODUCT_NAME = "$(TARGET_NAME)";
			};
			name = Debug;
		};
		7A06E1D1151330C200C48B24 /* Release */ = {
			isa = XCBuildConfiguration;
			buildSettings = {
				ALWAYS_SEARCH_USER_PATHS = NO;
				COPY_PHASE_STRIP = YES;
				DEBUG_INFORMATION_FORMAT = "dwarf-with-dsym";
				GCC_ENABLE_OBJC_EXCEPTIONS = YES;
				PRODUCT_NAME = "$(TARGET_NAME)";
			};
			name = Release;
		};
/* End XCBuildConfiguration section */

/* Begin XCConfigurationList section */
		7A06E1BF151330C100C48B24 /* Build configuration list for PBXProject "Algorithms" */ = {
			isa = XCConfigurationList;
			buildConfigurations = (
				7A06E1CD151330C200C48B24 /* Debug */,
				7A06E1CE151330C200C48B24 /* Release */,
			);
			defaultConfigurationIsVisible = 0;
			defaultConfigurationName = Release;
		};
		7A06E1CF151330C200C48B24 /* Build configuration list for PBXNativeTarget "Algorithms" */ = {
			isa = XCConfigurationList;
			buildConfigurations = (
				7A06E1D0151330C200C48B24 /* Debug */,
				7A06E1D1151330C200C48B24 /* Release */,
			);
			defaultConfigurationIsVisible = 0;
			defaultConfigurationName = Release;
		};
/* End XCConfigurationList section */
	};
	rootObject = 7A06E1BC151330C100C48B24 /* Project object */;
}
